
Microsoft Visual Studio Solution File, Format Version 12.00
# Visual Studio Version 17
VisualStudioVersion = 17.5.002.0
MinimumVisualStudioVersion = 10.0.40219.1
Project("{2150E333-8FDC-42A3-9474-1A3956D46DE8}") = "csharp-prep", "csharp-prep", "{49ADE099-2325-4259-88E6-3BB326B8E107}"
EndProject
Project("{9A19103F-16F7-4668-BE54-9A1E7A4F7556}") = "Prep1", "csharp-prep\Prep1\Prep1.csproj", "{791C5FD9-E580-4B42-8E23-A6D3AC8C911C}"
EndProject
Project("{9A19103F-16F7-4668-BE54-9A1E7A4F7556}") = "Prep2", "csharp-prep\Prep2\Prep2.csproj", "{4AC5D54A-6B15-4CA0-B4F2-36C510C0A529}"
EndProject
Project("{9A19103F-16F7-4668-BE54-9A1E7A4F7556}") = "Prep3", "csharp-prep\Prep3\Prep3.csproj", "{8516F80E-5557-4B26-9C4A-28DD1AA87232}"
EndProject
Project("{9A19103F-16F7-4668-BE54-9A1E7A4F7556}") = "Prep4", "csharp-prep\Prep4\Prep4.csproj", "{BD2D74CA-2160-4AD2-8D44-67F38CD9147E}"
EndProject
Project("{9A19103F-16F7-4668-BE54-9A1E7A4F7556}") = "Prep5", "csharp-prep\Prep5\Prep5.csproj", "{866D25AF-7194-4B15-94FC-E335E7839B3F}"
EndProject
Project("{2150E333-8FDC-42A3-9474-1A3956D46DE8}") = "final", "final", "{12F53228-122C-45DE-BCA4-2DA70E73782F}"
EndProject
Project("{9A19103F-16F7-4668-BE54-9A1E7A4F7556}") = "FinalProject", "final\FinalProject\FinalProject.csproj", "{05953C47-BA44-4F44-8A3F-D227C58CD66D}"
EndProject
Project("{9A19103F-16F7-4668-BE54-9A1E7A4F7556}") = "Foundation1", "final\Foundation1\Foundation1.csproj", "{B5074ECE-DA1D-4DC7-AEB1-D65F23800163}"
EndProject
Project("{9A19103F-16F7-4668-BE54-9A1E7A4F7556}") = "Foundation2", "final\Foundation2\Foundation2.csproj", "{5F8C268E-E046-4A9C-A7A5-F416027C2753}"
EndProject
Project("{9A19103F-16F7-4668-BE54-9A1E7A4F7556}") = "Foundation3", "final\Foundation3\Foundation3.csproj", "{A37C58D7-50D2-42BF-96E4-95DAADF6F51B}"
EndProject
Project("{9A19103F-16F7-4668-BE54-9A1E7A4F7556}") = "Foundation4", "final\Foundation4\Foundation4.csproj", "{1DFB2A60-7D2C-4860-AABD-49E29F508D51}"
EndProject
Project("{2150E333-8FDC-42A3-9474-1A3956D46DE8}") = "prepare", "prepare", "{D1612926-EFD3-4B02-A2AE-475D8B79D3A5}"
EndProject
Project("{9A19103F-16F7-4668-BE54-9A1E7A4F7556}") = "Learning02", "prepare\Learning02\Learning02.csproj", "{4247E904-E9E2-41E4-868E-AAD80699B0E1}"
EndProject
Project("{9A19103F-16F7-4668-BE54-9A1E7A4F7556}") = "Learning03", "prepare\Learning03\Learning03.csproj", "{5B13D287-364E-43EE-B6D7-903A9F6924C0}"
EndProject
Project("{9A19103F-16F7-4668-BE54-9A1E7A4F7556}") = "Learning04", "prepare\Learning04\Learning04.csproj", "{F4A7A887-1189-48E6-BF09-333CDC4A4038}"
EndProject
Project("{9A19103F-16F7-4668-BE54-9A1E7A4F7556}") = "Learning05", "prepare\Learning05\Learning05.csproj", "{BC4F9FD2-927F-4384-AC83-6AE212EFAD75}"
EndProject
Project("{2150E333-8FDC-42A3-9474-1A3956D46DE8}") = "prove", "prove", "{9B25D96F-4CC2-452B-85DA-DCEF8B3240A6}"
EndProject
Project("{9A19103F-16F7-4668-BE54-9A1E7A4F7556}") = "Develop02", "prove\Develop02\Develop02.csproj", "{8077B2EF-B819-4589-9863-337CAF93E3BD}"
EndProject
Project("{9A19103F-16F7-4668-BE54-9A1E7A4F7556}") = "Develop03", "prove\Develop03\Develop03.csproj", "{B2C09A02-59F5-4CB9-8D96-9EB97A14AE93}"
EndProject
Project("{9A19103F-16F7-4668-BE54-9A1E7A4F7556}") = "Develop04", "prove\Develop04\Develop04.csproj", "{86938BD3-A709-477A-B2B5-805D363634A0}"
EndProject
Project("{9A19103F-16F7-4668-BE54-9A1E7A4F7556}") = "Develop05", "prove\Develop05\Develop05.csproj", "{081F3F4D-FAA4-4CFF-AF9A-17D74576CC98}"
EndProject
Project("{2150E333-8FDC-42A3-9474-1A3956D46DE8}") = "sandbox", "sandbox", "{3D663E1B-B1E0-4F3A-A0CC-07B90A6025F0}"
EndProject
Project("{9A19103F-16F7-4668-BE54-9A1E7A4F7556}") = "Sandbox", "sandbox\Sandbox\Sandbox.csproj", "{BFD74A92-F104-425C-8DD1-167414185FB5}"
EndProject
Global
	GlobalSection(SolutionConfigurationPlatforms) = preSolution
		Debug|Any CPU = Debug|Any CPU
		Release|Any CPU = Release|Any CPU
	EndGlobalSection
	GlobalSection(ProjectConfigurationPlatforms) = postSolution
		{791C5FD9-E580-4B42-8E23-A6D3AC8C911C}.Debug|Any CPU.ActiveCfg = Debug|Any CPU
		{791C5FD9-E580-4B42-8E23-A6D3AC8C911C}.Debug|Any CPU.Build.0 = Debug|Any CPU
		{791C5FD9-E580-4B42-8E23-A6D3AC8C911C}.Release|Any CPU.ActiveCfg = Release|Any CPU
		{791C5FD9-E580-4B42-8E23-A6D3AC8C911C}.Release|Any CPU.Build.0 = Release|Any CPU
		{4AC5D54A-6B15-4CA0-B4F2-36C510C0A529}.Debug|Any CPU.ActiveCfg = Debug|Any CPU
		{4AC5D54A-6B15-4CA0-B4F2-36C510C0A529}.Debug|Any CPU.Build.0 = Debug|Any CPU
		{4AC5D54A-6B15-4CA0-B4F2-36C510C0A529}.Release|Any CPU.ActiveCfg = Release|Any CPU
		{4AC5D54A-6B15-4CA0-B4F2-36C510C0A529}.Release|Any CPU.Build.0 = Release|Any CPU
		{8516F80E-5557-4B26-9C4A-28DD1AA87232}.Debug|Any CPU.ActiveCfg = Debug|Any CPU
		{8516F80E-5557-4B26-9C4A-28DD1AA87232}.Debug|Any CPU.Build.0 = Debug|Any CPU
		{8516F80E-5557-4B26-9C4A-28DD1AA87232}.Release|Any CPU.ActiveCfg = Release|Any CPU
		{8516F80E-5557-4B26-9C4A-28DD1AA87232}.Release|Any CPU.Build.0 = Release|Any CPU
		{BD2D74CA-2160-4AD2-8D44-67F38CD9147E}.Debug|Any CPU.ActiveCfg = Debug|Any CPU
		{BD2D74CA-2160-4AD2-8D44-67F38CD9147E}.Debug|Any CPU.Build.0 = Debug|Any CPU
		{BD2D74CA-2160-4AD2-8D44-67F38CD9147E}.Release|Any CPU.ActiveCfg = Release|Any CPU
		{BD2D74CA-2160-4AD2-8D44-67F38CD9147E}.Release|Any CPU.Build.0 = Release|Any CPU
		{866D25AF-7194-4B15-94FC-E335E7839B3F}.Debug|Any CPU.ActiveCfg = Debug|Any CPU
		{866D25AF-7194-4B15-94FC-E335E7839B3F}.Debug|Any CPU.Build.0 = Debug|Any CPU
		{866D25AF-7194-4B15-94FC-E335E7839B3F}.Release|Any CPU.ActiveCfg = Release|Any CPU
		{866D25AF-7194-4B15-94FC-E335E7839B3F}.Release|Any CPU.Build.0 = Release|Any CPU
		{05953C47-BA44-4F44-8A3F-D227C58CD66D}.Debug|Any CPU.ActiveCfg = Debug|Any CPU
		{05953C47-BA44-4F44-8A3F-D227C58CD66D}.Debug|Any CPU.Build.0 = Debug|Any CPU
		{05953C47-BA44-4F44-8A3F-D227C58CD66D}.Release|Any CPU.ActiveCfg = Release|Any CPU
		{05953C47-BA44-4F44-8A3F-D227C58CD66D}.Release|Any CPU.Build.0 = Release|Any CPU
		{B5074ECE-DA1D-4DC7-AEB1-D65F23800163}.Debug|Any CPU.ActiveCfg = Debug|Any CPU
		{B5074ECE-DA1D-4DC7-AEB1-D65F23800163}.Debug|Any CPU.Build.0 = Debug|Any CPU
		{B5074ECE-DA1D-4DC7-AEB1-D65F23800163}.Release|Any CPU.ActiveCfg = Release|Any CPU
		{B5074ECE-DA1D-4DC7-AEB1-D65F23800163}.Release|Any CPU.Build.0 = Release|Any CPU
		{5F8C268E-E046-4A9C-A7A5-F416027C2753}.Debug|Any CPU.ActiveCfg = Debug|Any CPU
		{5F8C268E-E046-4A9C-A7A5-F416027C2753}.Debug|Any CPU.Build.0 = Debug|Any CPU
		{5F8C268E-E046-4A9C-A7A5-F416027C2753}.Release|Any CPU.ActiveCfg = Release|Any CPU
		{5F8C268E-E046-4A9C-A7A5-F416027C2753}.Release|Any CPU.Build.0 = Release|Any CPU
		{A37C58D7-50D2-42BF-96E4-95DAADF6F51B}.Debug|Any CPU.ActiveCfg = Debug|Any CPU
		{A37C58D7-50D2-42BF-96E4-95DAADF6F51B}.Debug|Any CPU.Build.0 = Debug|Any CPU
		{A37C58D7-50D2-42BF-96E4-95DAADF6F51B}.Release|Any CPU.ActiveCfg = Release|Any CPU
		{A37C58D7-50D2-42BF-96E4-95DAADF6F51B}.Release|Any CPU.Build.0 = Release|Any CPU
		{1DFB2A60-7D2C-4860-AABD-49E29F508D51}.Debug|Any CPU.ActiveCfg = Debug|Any CPU
		{1DFB2A60-7D2C-4860-AABD-49E29F508D51}.Debug|Any CPU.Build.0 = Debug|Any CPU
		{1DFB2A60-7D2C-4860-AABD-49E29F508D51}.Release|Any CPU.ActiveCfg = Release|Any CPU
		{1DFB2A60-7D2C-4860-AABD-49E29F508D51}.Release|Any CPU.Build.0 = Release|Any CPU
		{4247E904-E9E2-41E4-868E-AAD80699B0E1}.Debug|Any CPU.ActiveCfg = Debug|Any CPU
		{4247E904-E9E2-41E4-868E-AAD80699B0E1}.Debug|Any CPU.Build.0 = Debug|Any CPU
		{4247E904-E9E2-41E4-868E-AAD80699B0E1}.Release|Any CPU.ActiveCfg = Release|Any CPU
		{4247E904-E9E2-41E4-868E-AAD80699B0E1}.Release|Any CPU.Build.0 = Release|Any CPU
		{5B13D287-364E-43EE-B6D7-903A9F6924C0}.Debug|Any CPU.ActiveCfg = Debug|Any CPU
		{5B13D287-364E-43EE-B6D7-903A9F6924C0}.Debug|Any CPU.Build.0 = Debug|Any CPU
		{5B13D287-364E-43EE-B6D7-903A9F6924C0}.Release|Any CPU.ActiveCfg = Release|Any CPU
		{5B13D287-364E-43EE-B6D7-903A9F6924C0}.Release|Any CPU.Build.0 = Release|Any CPU
		{F4A7A887-1189-48E6-BF09-333CDC4A4038}.Debug|Any CPU.ActiveCfg = Debug|Any CPU
		{F4A7A887-1189-48E6-BF09-333CDC4A4038}.Debug|Any CPU.Build.0 = Debug|Any CPU
		{F4A7A887-1189-48E6-BF09-333CDC4A4038}.Release|Any CPU.ActiveCfg = Release|Any CPU
		{F4A7A887-1189-48E6-BF09-333CDC4A4038}.Release|Any CPU.Build.0 = Release|Any CPU
		{BC4F9FD2-927F-4384-AC83-6AE212EFAD75}.Debug|Any CPU.ActiveCfg = Debug|Any CPU
		{BC4F9FD2-927F-4384-AC83-6AE212EFAD75}.Debug|Any CPU.Build.0 = Debug|Any CPU
		{BC4F9FD2-927F-4384-AC83-6AE212EFAD75}.Release|Any CPU.ActiveCfg = Release|Any CPU
		{BC4F9FD2-927F-4384-AC83-6AE212EFAD75}.Release|Any CPU.Build.0 = Release|Any CPU
		{8077B2EF-B819-4589-9863-337CAF93E3BD}.Debug|Any CPU.ActiveCfg = Debug|Any CPU
		{8077B2EF-B819-4589-9863-337CAF93E3BD}.Debug|Any CPU.Build.0 = Debug|Any CPU
		{8077B2EF-B819-4589-9863-337CAF93E3BD}.Release|Any CPU.ActiveCfg = Release|Any CPU
		{8077B2EF-B819-4589-9863-337CAF93E3BD}.Release|Any CPU.Build.0 = Release|Any CPU
		{B2C09A02-59F5-4CB9-8D96-9EB97A14AE93}.Debug|Any CPU.ActiveCfg = Debug|Any CPU
		{B2C09A02-59F5-4CB9-8D96-9EB97A14AE93}.Debug|Any CPU.Build.0 = Debug|Any CPU
		{B2C09A02-59F5-4CB9-8D96-9EB97A14AE93}.Release|Any CPU.ActiveCfg = Release|Any CPU
		{B2C09A02-59F5-4CB9-8D96-9EB97A14AE93}.Release|Any CPU.Build.0 = Release|Any CPU
		{86938BD3-A709-477A-B2B5-805D363634A0}.Debug|Any CPU.ActiveCfg = Debug|Any CPU
		{86938BD3-A709-477A-B2B5-805D363634A0}.Debug|Any CPU.Build.0 = Debug|Any CPU
		{86938BD3-A709-477A-B2B5-805D363634A0}.Release|Any CPU.ActiveCfg = Release|Any CPU
		{86938BD3-A709-477A-B2B5-805D363634A0}.Release|Any CPU.Build.0 = Release|Any CPU
		{081F3F4D-FAA4-4CFF-AF9A-17D74576CC98}.Debug|Any CPU.ActiveCfg = Debug|Any CPU
		{081F3F4D-FAA4-4CFF-AF9A-17D74576CC98}.Debug|Any CPU.Build.0 = Debug|Any CPU
		{081F3F4D-FAA4-4CFF-AF9A-17D74576CC98}.Release|Any CPU.ActiveCfg = Release|Any CPU
		{081F3F4D-FAA4-4CFF-AF9A-17D74576CC98}.Release|Any CPU.Build.0 = Release|Any CPU
		{BFD74A92-F104-425C-8DD1-167414185FB5}.Debug|Any CPU.ActiveCfg = Debug|Any CPU
		{BFD74A92-F104-425C-8DD1-167414185FB5}.Debug|Any CPU.Build.0 = Debug|Any CPU
		{BFD74A92-F104-425C-8DD1-167414185FB5}.Release|Any CPU.ActiveCfg = Release|Any CPU
		{BFD74A92-F104-425C-8DD1-167414185FB5}.Release|Any CPU.Build.0 = Release|Any CPU
	EndGlobalSection
	GlobalSection(SolutionProperties) = preSolution
		HideSolutionNode = FALSE
	EndGlobalSection
	GlobalSection(NestedProjects) = preSolution
		{791C5FD9-E580-4B42-8E23-A6D3AC8C911C} = {49ADE099-2325-4259-88E6-3BB326B8E107}
		{4AC5D54A-6B15-4CA0-B4F2-36C510C0A529} = {49ADE099-2325-4259-88E6-3BB326B8E107}
		{8516F80E-5557-4B26-9C4A-28DD1AA87232} = {49ADE099-2325-4259-88E6-3BB326B8E107}
		{BD2D74CA-2160-4AD2-8D44-67F38CD9147E} = {49ADE099-2325-4259-88E6-3BB326B8E107}
		{866D25AF-7194-4B15-94FC-E335E7839B3F} = {49ADE099-2325-4259-88E6-3BB326B8E107}
		{05953C47-BA44-4F44-8A3F-D227C58CD66D} = {12F53228-122C-45DE-BCA4-2DA70E73782F}
		{B5074ECE-DA1D-4DC7-AEB1-D65F23800163} = {12F53228-122C-45DE-BCA4-2DA70E73782F}
		{5F8C268E-E046-4A9C-A7A5-F416027C2753} = {12F53228-122C-45DE-BCA4-2DA70E73782F}
		{A37C58D7-50D2-42BF-96E4-95DAADF6F51B} = {12F53228-122C-45DE-BCA4-2DA70E73782F}
		{1DFB2A60-7D2C-4860-AABD-49E29F508D51} = {12F53228-122C-45DE-BCA4-2DA70E73782F}
		{4247E904-E9E2-41E4-868E-AAD80699B0E1} = {D1612926-EFD3-4B02-A2AE-475D8B79D3A5}
		{5B13D287-364E-43EE-B6D7-903A9F6924C0} = {D1612926-EFD3-4B02-A2AE-475D8B79D3A5}
		{F4A7A887-1189-48E6-BF09-333CDC4A4038} = {D1612926-EFD3-4B02-A2AE-475D8B79D3A5}
		{BC4F9FD2-927F-4384-AC83-6AE212EFAD75} = {D1612926-EFD3-4B02-A2AE-475D8B79D3A5}
		{8077B2EF-B819-4589-9863-337CAF93E3BD} = {9B25D96F-4CC2-452B-85DA-DCEF8B3240A6}
		{B2C09A02-59F5-4CB9-8D96-9EB97A14AE93} = {9B25D96F-4CC2-452B-85DA-DCEF8B3240A6}
		{86938BD3-A709-477A-B2B5-805D363634A0} = {9B25D96F-4CC2-452B-85DA-DCEF8B3240A6}
		{081F3F4D-FAA4-4CFF-AF9A-17D74576CC98} = {9B25D96F-4CC2-452B-85DA-DCEF8B3240A6}
		{BFD74A92-F104-425C-8DD1-167414185FB5} = {3D663E1B-B1E0-4F3A-A0CC-07B90A6025F0}
	EndGlobalSection
	GlobalSection(ExtensibilityGlobals) = postSolution
		SolutionGuid = {A09E46FF-D920-402A-9921-16361DDA3A10}
	EndGlobalSection
EndGlobal
